# This file is @generated by PDM.
# It is not intended for manual editing.

[metadata]
groups = ["default"]
strategy = ["cross_platform", "static_urls"]
lock_version = "4.4"
content_hash = "sha256:b5265a8944aa80871b35531f37b2c79099e68260efd6c25bbf065b6f37270ede"

[[package]]
name = "grpclib"
version = "0.4.6"
requires_python = ">=3.7"
summary = "Pure-Python gRPC implementation for asyncio"
dependencies = [
    "h2<5,>=3.1.0",
    "multidict",
]
files = [
    {url = "https://files.pythonhosted.org/packages/55/80/66d4b36161996e75166f752408bb82eb04aeabcfdb487c5fd8dace72491a/grpclib-0.4.6.tar.gz", hash = "sha256:595d05236ca8b8f8e433f5bf6095e6354c1d8777d003ddaf5288efa9611e3fd6"},
]

[[package]]
name = "h2"
version = "4.1.0"
requires_python = ">=3.6.1"
summary = "HTTP/2 State-Machine based protocol implementation"
dependencies = [
    "hpack<5,>=4.0",
    "hyperframe<7,>=6.0",
]
files = [
    {url = "https://files.pythonhosted.org/packages/2a/32/fec683ddd10629ea4ea46d206752a95a2d8a48c22521edd70b142488efe1/h2-4.1.0.tar.gz", hash = "sha256:a83aca08fbe7aacb79fec788c9c0bac936343560ed9ec18b82a13a12c28d2abb"},
    {url = "https://files.pythonhosted.org/packages/2a/e5/db6d438da759efbb488c4f3fbdab7764492ff3c3f953132efa6b9f0e9e53/h2-4.1.0-py3-none-any.whl", hash = "sha256:03a46bcf682256c95b5fd9e9a99c1323584c3eec6440d379b9903d709476bc6d"},
]

[[package]]
name = "hpack"
version = "4.0.0"
requires_python = ">=3.6.1"
summary = "Pure-Python HPACK header compression"
files = [
    {url = "https://files.pythonhosted.org/packages/3e/9b/fda93fb4d957db19b0f6b370e79d586b3e8528b20252c729c476a2c02954/hpack-4.0.0.tar.gz", hash = "sha256:fc41de0c63e687ebffde81187a948221294896f6bdc0ae2312708df339430095"},
    {url = "https://files.pythonhosted.org/packages/d5/34/e8b383f35b77c402d28563d2b8f83159319b509bc5f760b15d60b0abf165/hpack-4.0.0-py3-none-any.whl", hash = "sha256:84a076fad3dc9a9f8063ccb8041ef100867b1878b25ef0ee63847a5d53818a6c"},
]

[[package]]
name = "hyperframe"
version = "6.0.1"
requires_python = ">=3.6.1"
summary = "HTTP/2 framing layer for Python"
files = [
    {url = "https://files.pythonhosted.org/packages/5a/2a/4747bff0a17f7281abe73e955d60d80aae537a5d203f417fa1c2e7578ebb/hyperframe-6.0.1.tar.gz", hash = "sha256:ae510046231dc8e9ecb1a6586f63d2347bf4c8905914aa84ba585ae85f28a914"},
    {url = "https://files.pythonhosted.org/packages/d7/de/85a784bcc4a3779d1753a7ec2dee5de90e18c7bcf402e71b51fcf150b129/hyperframe-6.0.1-py3-none-any.whl", hash = "sha256:0ec6bafd80d8ad2195c4f03aacba3a8265e57bc4cff261e802bf39970ed02a15"},
]

[[package]]
name = "multidict"
version = "6.0.4"
requires_python = ">=3.7"
summary = "multidict implementation"
files = [
    {url = "https://files.pythonhosted.org/packages/0c/ff/342e4f8f1c83fb2bdbca067a78cb88e80a0b93aab5443c8095daa97bf94b/multidict-6.0.4-cp39-cp39-musllinux_1_1_aarch64.whl", hash = "sha256:f70b98cd94886b49d91170ef23ec5c0e8ebb6f242d734ed7ed677b24d50c82cf"},
    {url = "https://files.pythonhosted.org/packages/1a/5a/e31fc5799b6d8929da4db92cc166d9257e7f85b4d6c7245143c0dae29413/multidict-6.0.4-cp310-cp310-musllinux_1_1_s390x.whl", hash = "sha256:ee2a1ece51b9b9e7752e742cfb661d2a29e7bcdba2d27e66e28a99f1890e4fa0"},
    {url = "https://files.pythonhosted.org/packages/24/d1/56b6d5eb964161c55a8a7ad53fe4c93a694e44d04fd1405f3c1b98de5627/multidict-6.0.4-cp310-cp310-win_amd64.whl", hash = "sha256:4dcbb0906e38440fa3e325df2359ac6cb043df8e58c965bb45f4e406ecb162cc"},
    {url = "https://files.pythonhosted.org/packages/25/1f/b10a0abdfc33069b6c92935cff81b97dd7d034149b05025a92326972b371/multidict-6.0.4-cp310-cp310-musllinux_1_1_i686.whl", hash = "sha256:7582a1d1030e15422262de9f58711774e02fa80df0d1578995c76214f6954988"},
    {url = "https://files.pythonhosted.org/packages/27/ce/2207d548200d42c3a0b3cb11b8957f4d29f82f95977ae2cc8276a7d719e5/multidict-6.0.4-cp311-cp311-manylinux_2_17_aarch64.manylinux2014_aarch64.whl", hash = "sha256:01a3a55bd90018c9c080fbb0b9f4891db37d148a0a18722b42f94694f8b6d4c9"},
    {url = "https://files.pythonhosted.org/packages/28/a3/db4511fbc4bf75a6c0afea0f009605432561ce0bd2b4fddc2047e9cb0b6b/multidict-6.0.4-cp39-cp39-manylinux_2_5_i686.manylinux1_i686.manylinux_2_17_i686.manylinux2014_i686.whl", hash = "sha256:8316a77808c501004802f9beebde51c9f857054a0c871bd6da8280e718444449"},
    {url = "https://files.pythonhosted.org/packages/2a/7b/6900273aec2eef33e17094407b67dca697ceeb75e3ddb86cccbdafb46e4b/multidict-6.0.4-cp39-cp39-manylinux_2_17_ppc64le.manylinux2014_ppc64le.whl", hash = "sha256:52f2dffc8acaba9a2f27174c41c9e57f60b907bb9f096b36b1a1f3be71c6284d"},
    {url = "https://files.pythonhosted.org/packages/2f/38/e0514ddb9b454b06fc8b29eb8b45ae1861cf1850acc2b0f01ad38b047ad3/multidict-6.0.4-cp39-cp39-macosx_10_9_universal2.whl", hash = "sha256:16ab77bbeb596e14212e7bab8429f24c1579234a3a462105cda4a66904998664"},
    {url = "https://files.pythonhosted.org/packages/3c/b3/1c8b525a7243c395a73d0ba35f4625333315c5261d01acc3bcde852a9548/multidict-6.0.4-cp311-cp311-macosx_10_9_x86_64.whl", hash = "sha256:64da238a09d6039e3bd39bb3aee9c21a5e34f28bfa5aa22518581f910ff94af3"},
    {url = "https://files.pythonhosted.org/packages/3c/ee/7b419645f86d43ae393f2451bc95287aec2e7539e93af619b280aeda9b04/multidict-6.0.4-cp39-cp39-musllinux_1_1_i686.whl", hash = "sha256:bf6774e60d67a9efe02b3616fee22441d86fab4c6d335f9d2051d19d90a40063"},
    {url = "https://files.pythonhosted.org/packages/3d/22/35539dddb1971eb8dc88bb19d22d636eb9efe1ad7549d2f319a7951cbbe7/multidict-6.0.4-cp311-cp311-win_amd64.whl", hash = "sha256:81a4f0b34bd92df3da93315c6a59034df95866014ac08535fc819f043bfd51f0"},
    {url = "https://files.pythonhosted.org/packages/42/b6/61cb83e174e77e4e2607f60f26ff8e975eb7961e143fa01682b8c3acb201/multidict-6.0.4-cp310-cp310-manylinux_2_5_i686.manylinux1_i686.manylinux_2_17_i686.manylinux2014_i686.whl", hash = "sha256:64bdf1086b6043bf519869678f5f2757f473dee970d7abf6da91ec00acb9cb98"},
    {url = "https://files.pythonhosted.org/packages/46/d2/0b1e4e8ad7097dc12543571333d65580e918dd19e26109dc4b8ec13b744c/multidict-6.0.4-cp39-cp39-musllinux_1_1_x86_64.whl", hash = "sha256:52509b5be062d9eafc8170e53026fbc54cf3b32759a23d07fd935fb04fc22d95"},
    {url = "https://files.pythonhosted.org/packages/47/a4/69f7255bc1398caa2c1eecf4c937d3ed6ae483327f39f8b1115b578905bb/multidict-6.0.4-cp311-cp311-win32.whl", hash = "sha256:3601a3cece3819534b11d4efc1eb76047488fddd0c85a3948099d5da4d504636"},
    {url = "https://files.pythonhosted.org/packages/4a/15/bd620f7a6eb9aa5112c4ef93e7031bcd071e0611763d8e17706ef8ba65e0/multidict-6.0.4.tar.gz", hash = "sha256:3666906492efb76453c0e7b97f2cf459b0682e7402c0489a95484965dbc1da49"},
    {url = "https://files.pythonhosted.org/packages/4d/1f/83656180657d0d359b12866b9af77dbb58f46cb5f454301d2c37ec97a9e1/multidict-6.0.4-cp311-cp311-manylinux_2_17_ppc64le.manylinux2014_ppc64le.whl", hash = "sha256:c5cb09abb18c1ea940fb99360ea0396f34d46566f157122c92dfa069d3e0e982"},
    {url = "https://files.pythonhosted.org/packages/56/b5/ac112889bfc68e6cf4eda1e4325789b166c51c6cd29d5633e28fb2c2f966/multidict-6.0.4-cp310-cp310-manylinux_2_17_x86_64.manylinux2014_x86_64.whl", hash = "sha256:36c63aaa167f6c6b04ef2c85704e93af16c11d20de1d133e39de6a0e84582a93"},
    {url = "https://files.pythonhosted.org/packages/59/28/e50cc24c56609d11f7232606f73981620e94e3445791d9501e21c4c73a61/multidict-6.0.4-cp311-cp311-macosx_11_0_arm64.whl", hash = "sha256:ff959bee35038c4624250473988b24f846cbeb2c6639de3602c073f10410ceba"},
    {url = "https://files.pythonhosted.org/packages/5c/4d/976b2e5fadc2b6e5e6208fb1566669460adde3f41d7622db3afa90fb2dbf/multidict-6.0.4-cp311-cp311-musllinux_1_1_x86_64.whl", hash = "sha256:dcfe792765fab89c365123c81046ad4103fcabbc4f56d1c1997e6715e8015461"},
    {url = "https://files.pythonhosted.org/packages/5d/a0/33b0b030148e9e0882d8b9f2404b8b3cc5e4718041fe6856602ccad81fa9/multidict-6.0.4-cp39-cp39-manylinux_2_17_aarch64.manylinux2014_aarch64.whl", hash = "sha256:281af09f488903fde97923c7744bb001a9b23b039a909460d0f14edc7bf59706"},
    {url = "https://files.pythonhosted.org/packages/5f/eb/2023167c9533d62e2afcba7acb0dc98420bcf9fc27eff5a83c2bbd013b65/multidict-6.0.4-cp311-cp311-musllinux_1_1_aarch64.whl", hash = "sha256:458f37be2d9e4c95e2d8866a851663cbc76e865b78395090786f6cd9b3bbf4f4"},
    {url = "https://files.pythonhosted.org/packages/69/48/2750fd3ace4d778b4e1f7110db3ad637906de3496abc9c450ce726b97337/multidict-6.0.4-cp39-cp39-manylinux_2_17_x86_64.manylinux2014_x86_64.whl", hash = "sha256:d5e3fc56f88cc98ef8139255cf8cd63eb2c586531e43310ff859d6bb3a6b51f1"},
    {url = "https://files.pythonhosted.org/packages/8f/f9/e14b11f78b937d2a5982593d5a238058679bd120979b2c5b94ea8ba125fc/multidict-6.0.4-cp310-cp310-manylinux_2_17_s390x.manylinux2014_s390x.whl", hash = "sha256:16d232d4e5396c2efbbf4f6d4df89bfa905eb0d4dc5b3549d872ab898451f569"},
    {url = "https://files.pythonhosted.org/packages/94/e7/a1484aa7d711bc346a37dfa2f23895cc568f9f5a5f9e86498864d2e17b7e/multidict-6.0.4-cp39-cp39-musllinux_1_1_ppc64le.whl", hash = "sha256:e69924bfcdda39b722ef4d9aa762b2dd38e4632b3641b1d9a57ca9cd18f2f83a"},
    {url = "https://files.pythonhosted.org/packages/96/9a/96830785d7eb3c72782fda15572ea9ed31fd67a071eab0ffad6859458e4d/multidict-6.0.4-cp310-cp310-musllinux_1_1_ppc64le.whl", hash = "sha256:ddff9c4e225a63a5afab9dd15590432c22e8057e1a9a13d28ed128ecf047bbdc"},
    {url = "https://files.pythonhosted.org/packages/9d/5a/34bd606569178ad8a931ea4d59cda926b046cfa4c01b0191c2e04cfd44c2/multidict-6.0.4-cp311-cp311-manylinux_2_17_x86_64.manylinux2014_x86_64.whl", hash = "sha256:11bdf3f5e1518b24530b8241529d2050014c884cf18b6fc69c0c2b30ca248710"},
    {url = "https://files.pythonhosted.org/packages/9f/d2/49cf9fa8a79e5aa9df5139b54842bb45b6a4cacdefc2defcc1aa10e8b1ea/multidict-6.0.4-cp39-cp39-manylinux_2_17_s390x.manylinux2014_s390x.whl", hash = "sha256:b41156839806aecb3641f3208c0dafd3ac7775b9c4c422d82ee2a45c34ba81ca"},
    {url = "https://files.pythonhosted.org/packages/b0/6d/03a5b702a0ad4d3aa4cf101acd8758ff8438fef0311bf90e7c72a80152ef/multidict-6.0.4-cp310-cp310-musllinux_1_1_aarch64.whl", hash = "sha256:43644e38f42e3af682690876cff722d301ac585c5b9e1eacc013b7a3f7b696a0"},
    {url = "https://files.pythonhosted.org/packages/b4/7a/3f0b0e533fd1b73662723cb45869f4d32df643458d78c2fa7b946be98494/multidict-6.0.4-cp311-cp311-musllinux_1_1_s390x.whl", hash = "sha256:5979b5632c3e3534e42ca6ff856bb24b2e3071b37861c2c727ce220d80eee9ed"},
    {url = "https://files.pythonhosted.org/packages/bb/e4/ea5687129b0cb781aba596bd08abb2aca3c8051e41aabf989c966e93af04/multidict-6.0.4-cp310-cp310-macosx_10_9_universal2.whl", hash = "sha256:0b1a97283e0c85772d613878028fec909f003993e1007eafa715b24b377cb9b8"},
    {url = "https://files.pythonhosted.org/packages/bb/ec/ea3435f339cfad0d0a5e9e533a362d230325029deea9cdba6730fcfc1e00/multidict-6.0.4-cp311-cp311-macosx_10_9_universal2.whl", hash = "sha256:0dfad7a5a1e39c53ed00d2dd0c2e36aed4650936dc18fd9a1826a5ae1cad6f03"},
    {url = "https://files.pythonhosted.org/packages/bd/50/7beeed47a950011ea0abf50541fecd67d6880719ac0e797b3dc214d6f102/multidict-6.0.4-cp310-cp310-win32.whl", hash = "sha256:574b7eae1ab267e5f8285f0fe881f17efe4b98c39a40858247720935b893bba8"},
    {url = "https://files.pythonhosted.org/packages/d0/21/d737fe1cac90fb89b0959194d12747024ea95d52032daef9d2ac3cf18ce0/multidict-6.0.4-cp310-cp310-manylinux_2_17_aarch64.manylinux2014_aarch64.whl", hash = "sha256:c048099e4c9e9d615545e2001d3d8a4380bd403e1a0578734e0d31703d1b0c0b"},
    {url = "https://files.pythonhosted.org/packages/d5/eb/22de4f5935f4d754b0f53d323643a1b4b7fa796e02bf3a0df7dec150269f/multidict-6.0.4-cp311-cp311-musllinux_1_1_ppc64le.whl", hash = "sha256:7d6ae9d593ef8641544d6263c7fa6408cc90370c8cb2bbb65f8d43e5b0351d9c"},
    {url = "https://files.pythonhosted.org/packages/db/7e/f007ec4ea4d6626aa4e659ae3631345cb928ff07445577914884c3355277/multidict-6.0.4-cp39-cp39-musllinux_1_1_s390x.whl", hash = "sha256:6b181d8c23da913d4ff585afd1155a0e1194c0b50c54fcfe286f70cdaf2b7176"},
    {url = "https://files.pythonhosted.org/packages/dd/bd/cce218536b377efbee70d8680a97fd282f4e1e9f7ebff95c4ea28deef87a/multidict-6.0.4-cp39-cp39-macosx_11_0_arm64.whl", hash = "sha256:4ceef517eca3e03c1cceb22030a3e39cb399ac86bff4e426d4fc6ae49052cc60"},
    {url = "https://files.pythonhosted.org/packages/de/c2/2b6be6b6194064efe429b77994f3153ffd18a92b0b6422de3c702b58b150/multidict-6.0.4-cp39-cp39-win32.whl", hash = "sha256:27c523fbfbdfd19c6867af7346332b62b586eed663887392cff78d614f9ec313"},
    {url = "https://files.pythonhosted.org/packages/e1/2b/e2b9ff85a5f973c7636d07e58ede554262a75b435eb6fe53e67ec4749953/multidict-6.0.4-cp310-cp310-musllinux_1_1_x86_64.whl", hash = "sha256:a2e4369eb3d47d2034032a26c7a80fcb21a2cb22e1173d761a162f11e562caa5"},
    {url = "https://files.pythonhosted.org/packages/e4/18/79a66879c57c37a2a721ca1aea18953f0f291ea8a8e7334fe5091a4c3111/multidict-6.0.4-cp311-cp311-musllinux_1_1_i686.whl", hash = "sha256:b1a2eeedcead3a41694130495593a559a668f382eee0727352b9a41e1c45759a"},
    {url = "https://files.pythonhosted.org/packages/e4/41/ade43649e3c35178a81827eb960a7480842fe36c51d4a16a2a68e396e0d6/multidict-6.0.4-cp311-cp311-manylinux_2_17_s390x.manylinux2014_s390x.whl", hash = "sha256:666daae833559deb2d609afa4490b85830ab0dfca811a98b70a205621a6109fe"},
    {url = "https://files.pythonhosted.org/packages/eb/97/05b51bd39ba10ad7ae6530ae05e050a1cac91d42dcafd40c40d388e057b4/multidict-6.0.4-cp310-cp310-macosx_11_0_arm64.whl", hash = "sha256:d6d635d5209b82a3492508cf5b365f3446afb65ae7ebd755e70e18f287b0adf7"},
    {url = "https://files.pythonhosted.org/packages/f0/c1/de389de822e8442717e7fda86496a47af8a132104e1601f3419d26dff334/multidict-6.0.4-cp39-cp39-macosx_10_9_x86_64.whl", hash = "sha256:bc779e9e6f7fda81b3f9aa58e3a6091d49ad528b11ed19f6621408806204ad35"},
    {url = "https://files.pythonhosted.org/packages/f1/d2/d735d40355ce41f6d1c50a5d4feef47cd4aad0e2809dd2c8cb01601f04ac/multidict-6.0.4-cp39-cp39-win_amd64.whl", hash = "sha256:33029f5734336aa0d4c0384525da0387ef89148dc7191aae00ca5fb23d7aafc2"},
    {url = "https://files.pythonhosted.org/packages/f5/cf/416f84a8c7954c571881b01c839312ec81e222b3986c8baedc57f476cc1b/multidict-6.0.4-cp310-cp310-manylinux_2_17_ppc64le.manylinux2014_ppc64le.whl", hash = "sha256:ea20853c6dbbb53ed34cb4d080382169b6f4554d394015f1bef35e881bf83547"},
    {url = "https://files.pythonhosted.org/packages/fc/54/8e025ae4e31d899e4528a570941eb7048512392b454acccf69c2dccfcb0d/multidict-6.0.4-cp310-cp310-macosx_10_9_x86_64.whl", hash = "sha256:eeb6dcc05e911516ae3d1f207d4b0520d07f54484c49dfc294d6e7d63b734171"},
    {url = "https://files.pythonhosted.org/packages/fc/5b/0a4205a1248fb152f596a03c971c6ef1585d0c98e56b6886dc35d084e366/multidict-6.0.4-cp311-cp311-manylinux_2_5_i686.manylinux1_i686.manylinux_2_17_i686.manylinux2014_i686.whl", hash = "sha256:7d18748f2d30f94f498e852c67d61261c643b349b9d2a581131725595c45ec6c"},
]

[[package]]
name = "setuptools"
version = "59.2.0"
requires_python = ">=3.6"
summary = "Easily download, build, install, upgrade, and uninstall Python packages"
files = [
    {url = "https://files.pythonhosted.org/packages/18/ad/ec41343a49a0371ea40daf37b1ba2c11333cdd121cb378161635d14b9750/setuptools-59.2.0-py3-none-any.whl", hash = "sha256:4adde3d1e1c89bde1c643c64d89cdd94cbfd8c75252ee459d4500bccb9c7d05d"},
    {url = "https://files.pythonhosted.org/packages/a8/e7/1440b0d19054a5616e9e5beeaa22f68485aa9de20d187f04e52880b7ae7a/setuptools-59.2.0.tar.gz", hash = "sha256:157d21de9d055ab9e8ea3186d91e7f4f865e11f42deafa952d90842671fc2576"},
]

[[package]]
name = "wheel"
version = "0.37.0"
requires_python = "!=3.0.*,!=3.1.*,!=3.2.*,!=3.3.*,!=3.4.*,>=2.7"
summary = "A built-package format for Python"
files = [
    {url = "https://files.pythonhosted.org/packages/04/80/cad93b40262f5d09f6de82adbee452fd43cdff60830b56a74c5930f7e277/wheel-0.37.0-py2.py3-none-any.whl", hash = "sha256:21014b2bd93c6d0034b6ba5d35e4eb284340e09d63c59aef6fc14b0f346146fd"},
    {url = "https://files.pythonhosted.org/packages/4e/be/8139f127b4db2f79c8b117c80af56a3078cc4824b5b94250c7f81a70e03b/wheel-0.37.0.tar.gz", hash = "sha256:e2ef7239991699e3355d54f8e968a21bb940a1dbf34a4d226741e64462516fad"},
]
